github.com/go-richdoc/richdoc v0.2.0 h1:z9cLox9MoInZL6fIlweMzgDT/VqgnB2ZucSIEaRFglY=
github.com/go-richdoc/richdoc v0.2.0/go.mod h1:aCX8ulqg5CoKqSWgWeEWul1Oj0d2VxQeaQNI0+jsm7c=
github.com/yuin/goldmark v1.8.5 h1:r6N5afV5qj/5S4UTch8agZHJ8UxNCMwX7WjkkJam2NA=
github.com/yuin/goldmark v1.8.5/go.mod h1:ip/1k0VRfGynBgxOz0yCqHrbZXhcjxyuS66Brc7iBKg=
