github.com/go-richdoc/richdoc v0.3.0 h1:BPUHZ0NUrmDVffs2jJcj6ur8mqlccZpZVpCOsuQT9gQ=
github.com/go-richdoc/richdoc v0.3.0/go.mod h1:aCX8ulqg5CoKqSWgWeEWul1Oj0d2VxQeaQNI0+jsm7c=
github.com/yuin/goldmark v1.8.6 h1:d0VcaP1sx9GkFVkoW+KtggpGi2KZ965i14b0+bDQST4=
github.com/yuin/goldmark v1.8.6/go.mod h1:ip/1k0VRfGynBgxOz0yCqHrbZXhcjxyuS66Brc7iBKg=
